
Microsoft Visual Studio Solution File, Format Version 12.00
# Visual Studio Version 16
VisualStudioVersion = 16.0.29215.179
MinimumVisualStudioVersion = 10.0.40219.1
Project("{9A19103F-16F7-4668-BE54-9A1E7A4F7556}") = "SolidTrivia.Web", "SolidTrivia.Web\SolidTrivia.Web.csproj", "{2AA41EF1-6BE9-4B81-B239-9CA9AAC66DF4}"
EndProject
Project("{9A19103F-16F7-4668-BE54-9A1E7A4F7556}") = "SolidTrivia.Game", "SolidTrivia.Game\SolidTrivia.Game.csproj", "{68DD882F-4FCE-4408-8CD2-72E27BA2A24A}"
EndProject
Project("{9A19103F-16F7-4668-BE54-9A1E7A4F7556}") = "SolidTrivia.UnitTests", "SolidTrivia.UnitTests\SolidTrivia.UnitTests.csproj", "{1198F979-804C-4DCA-8B7F-8FECF83A6E4B}"
EndProject
Project("{9A19103F-16F7-4668-BE54-9A1E7A4F7556}") = "EntityAdam.IdGenerator", "EntityAdam.IdGenerator\EntityAdam.IdGenerator.csproj", "{71F8CD70-AAD1-4078-8109-5E6A4F958070}"
EndProject
Project("{9A19103F-16F7-4668-BE54-9A1E7A4F7556}") = "EntityAdam.IdGenerator.Tests", "EntityAdam.IdGenerator.Tests\EntityAdam.IdGenerator.Tests.csproj", "{B1B0CBA8-94E0-450D-BA63-CCA633E4069B}"
EndProject
Project("{9A19103F-16F7-4668-BE54-9A1E7A4F7556}") = "SolidTrivia.Tests", "SolidTrivia.Tests\SolidTrivia.Tests.csproj", "{2BDE0B1D-65D9-44F3-9D4D-11FD03F76475}"
EndProject
Project("{9A19103F-16F7-4668-BE54-9A1E7A4F7556}") = "SolidTrivia.Questions", "SolidTrivia.Questions\SolidTrivia.Questions.csproj", "{B4136E00-3971-4111-8A05-E72AF1F9864C}"
EndProject
Project("{9A19103F-16F7-4668-BE54-9A1E7A4F7556}") = "SolidTrivia.Questions.Web", "SolidTrivia.Questions.Web\SolidTrivia.Questions.Web.csproj", "{3AAAEC3B-A900-40F5-B687-15EA611C653D}"
EndProject
Project("{FAE04EC0-301F-11D3-BF4B-00C04F79EFBC}") = "SolidTrivia.Common", "SolidTrivia.Common\SolidTrivia.Common.csproj", "{5273FF83-0E17-4820-ADA5-CD4A22FE1BE8}"
EndProject
Project("{FAE04EC0-301F-11D3-BF4B-00C04F79EFBC}") = "SolidTrivia.Common.Tests", "SolidTrivia.Common.Tests\SolidTrivia.Common.Tests.csproj", "{7E45E262-645D-4655-A3AD-46AF4BC0835F}"
EndProject
Global
	GlobalSection(SolutionConfigurationPlatforms) = preSolution
		Debug|Any CPU = Debug|Any CPU
		Release|Any CPU = Release|Any CPU
	EndGlobalSection
	GlobalSection(ProjectConfigurationPlatforms) = postSolution
		{2AA41EF1-6BE9-4B81-B239-9CA9AAC66DF4}.Debug|Any CPU.ActiveCfg = Debug|Any CPU
		{2AA41EF1-6BE9-4B81-B239-9CA9AAC66DF4}.Debug|Any CPU.Build.0 = Debug|Any CPU
		{2AA41EF1-6BE9-4B81-B239-9CA9AAC66DF4}.Release|Any CPU.ActiveCfg = Release|Any CPU
		{2AA41EF1-6BE9-4B81-B239-9CA9AAC66DF4}.Release|Any CPU.Build.0 = Release|Any CPU
		{68DD882F-4FCE-4408-8CD2-72E27BA2A24A}.Debug|Any CPU.ActiveCfg = Debug|Any CPU
		{68DD882F-4FCE-4408-8CD2-72E27BA2A24A}.Debug|Any CPU.Build.0 = Debug|Any CPU
		{68DD882F-4FCE-4408-8CD2-72E27BA2A24A}.Release|Any CPU.ActiveCfg = Release|Any CPU
		{68DD882F-4FCE-4408-8CD2-72E27BA2A24A}.Release|Any CPU.Build.0 = Release|Any CPU
		{1198F979-804C-4DCA-8B7F-8FECF83A6E4B}.Debug|Any CPU.ActiveCfg = Debug|Any CPU
		{1198F979-804C-4DCA-8B7F-8FECF83A6E4B}.Debug|Any CPU.Build.0 = Debug|Any CPU
		{1198F979-804C-4DCA-8B7F-8FECF83A6E4B}.Release|Any CPU.ActiveCfg = Release|Any CPU
		{1198F979-804C-4DCA-8B7F-8FECF83A6E4B}.Release|Any CPU.Build.0 = Release|Any CPU
		{71F8CD70-AAD1-4078-8109-5E6A4F958070}.Debug|Any CPU.ActiveCfg = Debug|Any CPU
		{71F8CD70-AAD1-4078-8109-5E6A4F958070}.Debug|Any CPU.Build.0 = Debug|Any CPU
		{71F8CD70-AAD1-4078-8109-5E6A4F958070}.Release|Any CPU.ActiveCfg = Release|Any CPU
		{71F8CD70-AAD1-4078-8109-5E6A4F958070}.Release|Any CPU.Build.0 = Release|Any CPU
		{B1B0CBA8-94E0-450D-BA63-CCA633E4069B}.Debug|Any CPU.ActiveCfg = Debug|Any CPU
		{B1B0CBA8-94E0-450D-BA63-CCA633E4069B}.Debug|Any CPU.Build.0 = Debug|Any CPU
		{B1B0CBA8-94E0-450D-BA63-CCA633E4069B}.Release|Any CPU.ActiveCfg = Release|Any CPU
		{B1B0CBA8-94E0-450D-BA63-CCA633E4069B}.Release|Any CPU.Build.0 = Release|Any CPU
		{2BDE0B1D-65D9-44F3-9D4D-11FD03F76475}.Debug|Any CPU.ActiveCfg = Debug|Any CPU
		{2BDE0B1D-65D9-44F3-9D4D-11FD03F76475}.Debug|Any CPU.Build.0 = Debug|Any CPU
		{2BDE0B1D-65D9-44F3-9D4D-11FD03F76475}.Release|Any CPU.ActiveCfg = Release|Any CPU
		{2BDE0B1D-65D9-44F3-9D4D-11FD03F76475}.Release|Any CPU.Build.0 = Release|Any CPU
		{B4136E00-3971-4111-8A05-E72AF1F9864C}.Debug|Any CPU.ActiveCfg = Debug|Any CPU
		{B4136E00-3971-4111-8A05-E72AF1F9864C}.Debug|Any CPU.Build.0 = Debug|Any CPU
		{B4136E00-3971-4111-8A05-E72AF1F9864C}.Release|Any CPU.ActiveCfg = Release|Any CPU
		{B4136E00-3971-4111-8A05-E72AF1F9864C}.Release|Any CPU.Build.0 = Release|Any CPU
		{3AAAEC3B-A900-40F5-B687-15EA611C653D}.Debug|Any CPU.ActiveCfg = Debug|Any CPU
		{3AAAEC3B-A900-40F5-B687-15EA611C653D}.Debug|Any CPU.Build.0 = Debug|Any CPU
		{3AAAEC3B-A900-40F5-B687-15EA611C653D}.Release|Any CPU.ActiveCfg = Release|Any CPU
		{3AAAEC3B-A900-40F5-B687-15EA611C653D}.Release|Any CPU.Build.0 = Release|Any CPU
		{5273FF83-0E17-4820-ADA5-CD4A22FE1BE8}.Debug|Any CPU.ActiveCfg = Debug|Any CPU
		{5273FF83-0E17-4820-ADA5-CD4A22FE1BE8}.Debug|Any CPU.Build.0 = Debug|Any CPU
		{5273FF83-0E17-4820-ADA5-CD4A22FE1BE8}.Release|Any CPU.ActiveCfg = Release|Any CPU
		{5273FF83-0E17-4820-ADA5-CD4A22FE1BE8}.Release|Any CPU.Build.0 = Release|Any CPU
		{7E45E262-645D-4655-A3AD-46AF4BC0835F}.Debug|Any CPU.ActiveCfg = Debug|Any CPU
		{7E45E262-645D-4655-A3AD-46AF4BC0835F}.Debug|Any CPU.Build.0 = Debug|Any CPU
		{7E45E262-645D-4655-A3AD-46AF4BC0835F}.Release|Any CPU.ActiveCfg = Release|Any CPU
		{7E45E262-645D-4655-A3AD-46AF4BC0835F}.Release|Any CPU.Build.0 = Release|Any CPU
	EndGlobalSection
	GlobalSection(SolutionProperties) = preSolution
		HideSolutionNode = FALSE
	EndGlobalSection
	GlobalSection(ExtensibilityGlobals) = postSolution
		SolutionGuid = {75B8D118-F7A1-4A63-8C14-B4E21A991AA5}
	EndGlobalSection
EndGlobal
